
Microsoft Visual Studio Solution File, Format Version 12.00
# Visual Studio Version 16
VisualStudioVersion = 16.0.30011.22
MinimumVisualStudioVersion = 10.0.40219.1
Project("{FAE04EC0-301F-11D3-BF4B-00C04F79EFBC}") = "TodoApi", "TodoApi\TodoApi.csproj", "{D4104FD9-4E38-4D41-B6AE-6D603B6445A2}"
EndProject
Global
	GlobalSection(SolutionConfigurationPlatforms) = preSolution
		Debug|Any CPU = Debug|Any CPU
		Release|Any CPU = Release|Any CPU
	EndGlobalSection
	GlobalSection(ProjectConfigurationPlatforms) = postSolution
		{D4104FD9-4E38-4D41-B6AE-6D603B6445A2}.Debug|Any CPU.ActiveCfg = Debug|Any CPU
		{D4104FD9-4E38-4D41-B6AE-6D603B6445A2}.Debug|Any CPU.Build.0 = Debug|Any CPU
		{D4104FD9-4E38-4D41-B6AE-6D603B6445A2}.Release|Any CPU.ActiveCfg = Release|Any CPU
		{D4104FD9-4E38-4D41-B6AE-6D603B6445A2}.Release|Any CPU.Build.0 = Release|Any CPU
	EndGlobalSection
	GlobalSection(SolutionProperties) = preSolution
		HideSolutionNode = FALSE
	EndGlobalSection
	GlobalSection(ExtensibilityGlobals) = postSolution
		SolutionGuid = {CB1F5C16-7ABD-4AE3-8271-842055EBEFD7}
	EndGlobalSection
EndGlobal
